// !$*UTF8*$!
{
	archiveVersion = 1;
	classes = {
	};
	objectVersion = 46;
	objects = {

/* Begin PBXBuildFile section */
		6F0C34101B2D782800113A86 /* GamePickerViewController.swift in Sources */ = {isa = PBXBuildFile; fileRef = 6F0C340F1B2D782800113A86 /* GamePickerViewController.swift */; };
		6F0C34121B2D85A600113A86 /* README.md in Sources */ = {isa = PBXBuildFile; fileRef = 6F0C34111B2D85A600113A86 /* README.md */; };
		6F9077EE1B2D43130063DD84 /* AppDelegate.swift in Sources */ = {isa = PBXBuildFile; fileRef = 6F9077ED1B2D43130063DD84 /* AppDelegate.swift */; };
		6F9077F01B2D43130063DD84 /* ViewController.swift in Sources */ = {isa = PBXBuildFile; fileRef = 6F9077EF1B2D43130063DD84 /* ViewController.swift */; };
		6F9077F31B2D43130063DD84 /* Main.storyboard in Resources */ = {isa = PBXBuildFile; fileRef = 6F9077F11B2D43130063DD84 /* Main.storyboard */; };
		6F9077F51B2D43130063DD84 /* Images.xcassets in Resources */ = {isa = PBXBuildFile; fileRef = 6F9077F41B2D43130063DD84 /* Images.xcassets */; };
		6F9077F81B2D43130063DD84 /* LaunchScreen.xib in Resources */ = {isa = PBXBuildFile; fileRef = 6F9077F61B2D43130063DD84 /* LaunchScreen.xib */; };
		6F9078041B2D43130063DD84 /* RatingsTests.swift in Sources */ = {isa = PBXBuildFile; fileRef = 6F9078031B2D43130063DD84 /* RatingsTests.swift */; };
		6F9078261B2D46AF0063DD84 /* 1Star.png in Resources */ = {isa = PBXBuildFile; fileRef = 6F90780E1B2D46AF0063DD84 /* 1Star.png */; };
		6F9078271B2D46AF0063DD84 /* 1Star@2x.png in Resources */ = {isa = PBXBuildFile; fileRef = 6F90780F1B2D46AF0063DD84 /* 1Star@2x.png */; };
		6F9078281B2D46AF0063DD84 /* 1StarSmall.png in Resources */ = {isa = PBXBuildFile; fileRef = 6F9078101B2D46AF0063DD84 /* 1StarSmall.png */; };
		6F9078291B2D46AF0063DD84 /* 1StarSmall@2x.png in Resources */ = {isa = PBXBuildFile; fileRef = 6F9078111B2D46AF0063DD84 /* 1StarSmall@2x.png */; };
		6F90782A1B2D46AF0063DD84 /* 2Stars.png in Resources */ = {isa = PBXBuildFile; fileRef = 6F9078121B2D46AF0063DD84 /* 2Stars.png */; };
		6F90782B1B2D46AF0063DD84 /* 2Stars@2x.png in Resources */ = {isa = PBXBuildFile; fileRef = 6F9078131B2D46AF0063DD84 /* 2Stars@2x.png */; };
		6F90782C1B2D46AF0063DD84 /* 2StarsSmall.png in Resources */ = {isa = PBXBuildFile; fileRef = 6F9078141B2D46AF0063DD84 /* 2StarsSmall.png */; };
		6F90782D1B2D46AF0063DD84 /* 2StarsSmall@2x.png in Resources */ = {isa = PBXBuildFile; fileRef = 6F9078151B2D46AF0063DD84 /* 2StarsSmall@2x.png */; };
		6F90782E1B2D46AF0063DD84 /* 3Stars.png in Resources */ = {isa = PBXBuildFile; fileRef = 6F9078161B2D46AF0063DD84 /* 3Stars.png */; };
		6F90782F1B2D46AF0063DD84 /* 3Stars@2x.png in Resources */ = {isa = PBXBuildFile; fileRef = 6F9078171B2D46AF0063DD84 /* 3Stars@2x.png */; };
		6F9078301B2D46AF0063DD84 /* 3StarsSmall.png in Resources */ = {isa = PBXBuildFile; fileRef = 6F9078181B2D46AF0063DD84 /* 3StarsSmall.png */; };
		6F9078311B2D46AF0063DD84 /* 3StarsSmall@2x.png in Resources */ = {isa = PBXBuildFile; fileRef = 6F9078191B2D46AF0063DD84 /* 3StarsSmall@2x.png */; };
		6F9078321B2D46AF0063DD84 /* 4Stars.png in Resources */ = {isa = PBXBuildFile; fileRef = 6F90781A1B2D46AF0063DD84 /* 4Stars.png */; };
		6F9078331B2D46AF0063DD84 /* 4Stars@2x.png in Resources */ = {isa = PBXBuildFile; fileRef = 6F90781B1B2D46AF0063DD84 /* 4Stars@2x.png */; };
		6F9078341B2D46AF0063DD84 /* 4StarsSmall.png in Resources */ = {isa = PBXBuildFile; fileRef = 6F90781C1B2D46AF0063DD84 /* 4StarsSmall.png */; };
		6F9078351B2D46AF0063DD84 /* 4StarsSmall@2x.png in Resources */ = {isa = PBXBuildFile; fileRef = 6F90781D1B2D46AF0063DD84 /* 4StarsSmall@2x.png */; };
		6F9078361B2D46AF0063DD84 /* 5Stars.png in Resources */ = {isa = PBXBuildFile; fileRef = 6F90781E1B2D46AF0063DD84 /* 5Stars.png */; };
		6F9078371B2D46AF0063DD84 /* 5Stars@2x.png in Resources */ = {isa = PBXBuildFile; fileRef = 6F90781F1B2D46AF0063DD84 /* 5Stars@2x.png */; };
		6F9078381B2D46AF0063DD84 /* 5StarsSmall.png in Resources */ = {isa = PBXBuildFile; fileRef = 6F9078201B2D46AF0063DD84 /* 5StarsSmall.png */; };
		6F9078391B2D46AF0063DD84 /* 5StarsSmall@2x.png in Resources */ = {isa = PBXBuildFile; fileRef = 6F9078211B2D46AF0063DD84 /* 5StarsSmall@2x.png */; };
		6F90783A1B2D46AF0063DD84 /* Gestures.png in Resources */ = {isa = PBXBuildFile; fileRef = 6F9078221B2D46AF0063DD84 /* Gestures.png */; };
		6F90783B1B2D46AF0063DD84 /* Gestures@2x.png in Resources */ = {isa = PBXBuildFile; fileRef = 6F9078231B2D46AF0063DD84 /* Gestures@2x.png */; };
		6F90783C1B2D46AF0063DD84 /* Players.png in Resources */ = {isa = PBXBuildFile; fileRef = 6F9078241B2D46AF0063DD84 /* Players.png */; };
		6F90783D1B2D46AF0063DD84 /* Players@2x.png in Resources */ = {isa = PBXBuildFile; fileRef = 6F9078251B2D46AF0063DD84 /* Players@2x.png */; };
		6F9078411B2D48AB0063DD84 /* PlayersViewController.swift in Sources */ = {isa = PBXBuildFile; fileRef = 6F9078401B2D48AB0063DD84 /* PlayersViewController.swift */; };
		6F9078431B2D49390063DD84 /* Player.swift in Sources */ = {isa = PBXBuildFile; fileRef = 6F9078421B2D49390063DD84 /* Player.swift */; };
		6F9078491B2D58240063DD84 /* PlayerCell.swift in Sources */ = {isa = PBXBuildFile; fileRef = 6F9078481B2D58240063DD84 /* PlayerCell.swift */; };
		6F90784B1B2D586F0063DD84 /* SampleData.swift in Sources */ = {isa = PBXBuildFile; fileRef = 6F90784A1B2D586F0063DD84 /* SampleData.swift */; };
		6F90784D1B2D60DF0063DD84 /* PlayersDetailViewController.swift in Sources */ = {isa = PBXBuildFile; fileRef = 6F90784C1B2D60DF0063DD84 /* PlayersDetailViewController.swift */; };
/* End PBXBuildFile section */

/* Begin PBXContainerItemProxy section */
		6F9077FE1B2D43130063DD84 /* PBXContainerItemProxy */ = {
			isa = PBXContainerItemProxy;
			containerPortal = 6F9077E01B2D43130063DD84 /* Project object */;
			proxyType = 1;
			remoteGlobalIDString = 6F9077E71B2D43130063DD84;
			remoteInfo = Ratings;
		};
/* End PBXContainerItemProxy section */

/* Begin PBXFileReference section */
		6F0C340F1B2D782800113A86 /* GamePickerViewController.swift */ = {isa = PBXFileReference; fileEncoding = 4; lastKnownFileType = sourcecode.swift; path = GamePickerViewController.swift; sourceTree = "<group>"; };
		6F0C34111B2D85A600113A86 /* README.md */ = {isa = PBXFileReference; fileEncoding = 4; lastKnownFileType = net.daringfireball.markdown; path = README.md; sourceTree = "<group>"; };
		6F9077E81B2D43130063DD84 /* Ratings.app */ = {isa = PBXFileReference; explicitFileType = wrapper.application; includeInIndex = 0; path = Ratings.app; sourceTree = BUILT_PRODUCTS_DIR; };
		6F9077EC1B2D43130063DD84 /* Info.plist */ = {isa = PBXFileReference; lastKnownFileType = text.plist.xml; path = Info.plist; sourceTree = "<group>"; };
		6F9077ED1B2D43130063DD84 /* AppDelegate.swift */ = {isa = PBXFileReference; lastKnownFileType = sourcecode.swift; path = AppDelegate.swift; sourceTree = "<group>"; };
		6F9077EF1B2D43130063DD84 /* ViewController.swift */ = {isa = PBXFileReference; lastKnownFileType = sourcecode.swift; path = ViewController.swift; sourceTree = "<group>"; };
		6F9077F21B2D43130063DD84 /* Base */ = {isa = PBXFileReference; lastKnownFileType = file.storyboard; name = Base; path = Base.lproj/Main.storyboard; sourceTree = "<group>"; };
		6F9077F41B2D43130063DD84 /* Images.xcassets */ = {isa = PBXFileReference; lastKnownFileType = folder.assetcatalog; path = Images.xcassets; sourceTree = "<group>"; };
		6F9077F71B2D43130063DD84 /* Base */ = {isa = PBXFileReference; lastKnownFileType = file.xib; name = Base; path = Base.lproj/LaunchScreen.xib; sourceTree = "<group>"; };
		6F9077FD1B2D43130063DD84 /* RatingsTests.xctest */ = {isa = PBXFileReference; explicitFileType = wrapper.cfbundle; includeInIndex = 0; path = RatingsTests.xctest; sourceTree = BUILT_PRODUCTS_DIR; };
		6F9078021B2D43130063DD84 /* Info.plist */ = {isa = PBXFileReference; lastKnownFileType = text.plist.xml; path = Info.plist; sourceTree = "<group>"; };
		6F9078031B2D43130063DD84 /* RatingsTests.swift */ = {isa = PBXFileReference; lastKnownFileType = sourcecode.swift; path = RatingsTests.swift; sourceTree = "<group>"; };
		6F90780E1B2D46AF0063DD84 /* 1Star.png */ = {isa = PBXFileReference; lastKnownFileType = image.png; path = 1Star.png; sourceTree = "<group>"; };
		6F90780F1B2D46AF0063DD84 /* 1Star@2x.png */ = {isa = PBXFileReference; lastKnownFileType = image.png; path = "1Star@2x.png"; sourceTree = "<group>"; };
		6F9078101B2D46AF0063DD84 /* 1StarSmall.png */ = {isa = PBXFileReference; lastKnownFileType = image.png; path = 1StarSmall.png; sourceTree = "<group>"; };
		6F9078111B2D46AF0063DD84 /* 1StarSmall@2x.png */ = {isa = PBXFileReference; lastKnownFileType = image.png; path = "1StarSmall@2x.png"; sourceTree = "<group>"; };
		6F9078121B2D46AF0063DD84 /* 2Stars.png */ = {isa = PBXFileReference; lastKnownFileType = image.png; path = 2Stars.png; sourceTree = "<group>"; };
		6F9078131B2D46AF0063DD84 /* 2Stars@2x.png */ = {isa = PBXFileReference; lastKnownFileType = image.png; path = "2Stars@2x.png"; sourceTree = "<group>"; };
		6F9078141B2D46AF0063DD84 /* 2StarsSmall.png */ = {isa = PBXFileReference; lastKnownFileType = image.png; path = 2StarsSmall.png; sourceTree = "<group>"; };
		6F9078151B2D46AF0063DD84 /* 2StarsSmall@2x.png */ = {isa = PBXFileReference; lastKnownFileType = image.png; path = "2StarsSmall@2x.png"; sourceTree = "<group>"; };
		6F9078161B2D46AF0063DD84 /* 3Stars.png */ = {isa = PBXFileReference; lastKnownFileType = image.png; path = 3Stars.png; sourceTree = "<group>"; };
		6F9078171B2D46AF0063DD84 /* 3Stars@2x.png */ = {isa = PBXFileReference; lastKnownFileType = image.png; path = "3Stars@2x.png"; sourceTree = "<group>"; };
		6F9078181B2D46AF0063DD84 /* 3StarsSmall.png */ = {isa = PBXFileReference; lastKnownFileType = image.png; path = 3StarsSmall.png; sourceTree = "<group>"; };
		6F9078191B2D46AF0063DD84 /* 3StarsSmall@2x.png */ = {isa = PBXFileReference; lastKnownFileType = image.png; path = "3StarsSmall@2x.png"; sourceTree = "<group>"; };
		6F90781A1B2D46AF0063DD84 /* 4Stars.png */ = {isa = PBXFileReference; lastKnownFileType = image.png; path = 4Stars.png; sourceTree = "<group>"; };
		6F90781B1B2D46AF0063DD84 /* 4Stars@2x.png */ = {isa = PBXFileReference; lastKnownFileType = image.png; path = "4Stars@2x.png"; sourceTree = "<group>"; };
		6F90781C1B2D46AF0063DD84 /* 4StarsSmall.png */ = {isa = PBXFileReference; lastKnownFileType = image.png; path = 4StarsSmall.png; sourceTree = "<group>"; };
		6F90781D1B2D46AF0063DD84 /* 4StarsSmall@2x.png */ = {isa = PBXFileReference; lastKnownFileType = image.png; path = "4StarsSmall@2x.png"; sourceTree = "<group>"; };
		6F90781E1B2D46AF0063DD84 /* 5Stars.png */ = {isa = PBXFileReference; lastKnownFileType = image.png; path = 5Stars.png; sourceTree = "<group>"; };
		6F90781F1B2D46AF0063DD84 /* 5Stars@2x.png */ = {isa = PBXFileReference; lastKnownFileType = image.png; path = "5Stars@2x.png"; sourceTree = "<group>"; };
		6F9078201B2D46AF0063DD84 /* 5StarsSmall.png */ = {isa = PBXFileReference; lastKnownFileType = image.png; path = 5StarsSmall.png; sourceTree = "<group>"; };
		6F9078211B2D46AF0063DD84 /* 5StarsSmall@2x.png */ = {isa = PBXFileReference; lastKnownFileType = image.png; path = "5StarsSmall@2x.png"; sourceTree = "<group>"; };
		6F9078221B2D46AF0063DD84 /* Gestures.png */ = {isa = PBXFileReference; lastKnownFileType = image.png; path = Gestures.png; sourceTree = "<group>"; };
		6F9078231B2D46AF0063DD84 /* Gestures@2x.png */ = {isa = PBXFileReference; lastKnownFileType = image.png; path = "Gestures@2x.png"; sourceTree = "<group>"; };
		6F9078241B2D46AF0063DD84 /* Players.png */ = {isa = PBXFileReference; lastKnownFileType = image.png; path = Players.png; sourceTree = "<group>"; };
		6F9078251B2D46AF0063DD84 /* Players@2x.png */ = {isa = PBXFileReference; lastKnownFileType = image.png; path = "Players@2x.png"; sourceTree = "<group>"; };
		6F9078401B2D48AB0063DD84 /* PlayersViewController.swift */ = {isa = PBXFileReference; fileEncoding = 4; lastKnownFileType = sourcecode.swift; path = PlayersViewController.swift; sourceTree = "<group>"; };
		6F9078421B2D49390063DD84 /* Player.swift */ = {isa = PBXFileReference; fileEncoding = 4; lastKnownFileType = sourcecode.swift; path = Player.swift; sourceTree = "<group>"; };
		6F9078481B2D58240063DD84 /* PlayerCell.swift */ = {isa = PBXFileReference; fileEncoding = 4; lastKnownFileType = sourcecode.swift; path = PlayerCell.swift; sourceTree = "<group>"; };
		6F90784A1B2D586F0063DD84 /* SampleData.swift */ = {isa = PBXFileReference; fileEncoding = 4; lastKnownFileType = sourcecode.swift; path = SampleData.swift; sourceTree = "<group>"; };
		6F90784C1B2D60DF0063DD84 /* PlayersDetailViewController.swift */ = {isa = PBXFileReference; fileEncoding = 4; lastKnownFileType = sourcecode.swift; path = PlayersDetailViewController.swift; sourceTree = "<group>"; };
/* End PBXFileReference section */

/* Begin PBXFrameworksBuildPhase section */
		6F9077E51B2D43130063DD84 /* Frameworks */ = {
			isa = PBXFrameworksBuildPhase;
			buildActionMask = 2147483647;
			files = (
			);
			runOnlyForDeploymentPostprocessing = 0;
		};
		6F9077FA1B2D43130063DD84 /* Frameworks */ = {
			isa = PBXFrameworksBuildPhase;
			buildActionMask = 2147483647;
			files = (
			);
			runOnlyForDeploymentPostprocessing = 0;
		};
/* End PBXFrameworksBuildPhase section */

/* Begin PBXGroup section */
		6F9077DF1B2D43130063DD84 = {
			isa = PBXGroup;
			children = (
				6F90780D1B2D46AF0063DD84 /* Images */,
				6F9077EA1B2D43130063DD84 /* Ratings */,
				6F9078001B2D43130063DD84 /* RatingsTests */,
				6F9077E91B2D43130063DD84 /* Products */,
				6F0C34111B2D85A600113A86 /* README.md */,
			);
			sourceTree = "<group>";
		};
		6F9077E91B2D43130063DD84 /* Products */ = {
			isa = PBXGroup;
			children = (
				6F9077E81B2D43130063DD84 /* Ratings.app */,
				6F9077FD1B2D43130063DD84 /* RatingsTests.xctest */,
			);
			name = Products;
			sourceTree = "<group>";
		};
		6F9077EA1B2D43130063DD84 /* Ratings */ = {
			isa = PBXGroup;
			children = (
				6F9077ED1B2D43130063DD84 /* AppDelegate.swift */,
				6F9077EF1B2D43130063DD84 /* ViewController.swift */,
				6F9078401B2D48AB0063DD84 /* PlayersViewController.swift */,
				6F90784C1B2D60DF0063DD84 /* PlayersDetailViewController.swift */,
				6F0C340F1B2D782800113A86 /* GamePickerViewController.swift */,
				6F9078481B2D58240063DD84 /* PlayerCell.swift */,
				6F9078421B2D49390063DD84 /* Player.swift */,
				6F90784A1B2D586F0063DD84 /* SampleData.swift */,
				6F9077F11B2D43130063DD84 /* Main.storyboard */,
				6F9077F41B2D43130063DD84 /* Images.xcassets */,
				6F9077F61B2D43130063DD84 /* LaunchScreen.xib */,
				6F9077EB1B2D43130063DD84 /* Supporting Files */,
			);
			path = Ratings;
			sourceTree = "<group>";
		};
		6F9077EB1B2D43130063DD84 /* Supporting Files */ = {
			isa = PBXGroup;
			children = (
				6F9077EC1B2D43130063DD84 /* Info.plist */,
			);
			name = "Supporting Files";
			sourceTree = "<group>";
		};
		6F9078001B2D43130063DD84 /* RatingsTests */ = {
			isa = PBXGroup;
			children = (
				6F9078031B2D43130063DD84 /* RatingsTests.swift */,
				6F9078011B2D43130063DD84 /* Supporting Files */,
			);
			path = RatingsTests;
			sourceTree = "<group>";
		};
		6F9078011B2D43130063DD84 /* Supporting Files */ = {
			isa = PBXGroup;
			children = (
				6F9078021B2D43130063DD84 /* Info.plist */,
			);
			name = "Supporting Files";
			sourceTree = "<group>";
		};
		6F90780D1B2D46AF0063DD84 /* Images */ = {
			isa = PBXGroup;
			children = (
				6F90780E1B2D46AF0063DD84 /* 1Star.png */,
				6F90780F1B2D46AF0063DD84 /* 1Star@2x.png */,
				6F9078101B2D46AF0063DD84 /* 1StarSmall.png */,
				6F9078111B2D46AF0063DD84 /* 1StarSmall@2x.png */,
				6F9078121B2D46AF0063DD84 /* 2Stars.png */,
				6F9078131B2D46AF0063DD84 /* 2Stars@2x.png */,
				6F9078141B2D46AF0063DD84 /* 2StarsSmall.png */,
				6F9078151B2D46AF0063DD84 /* 2StarsSmall@2x.png */,
				6F9078161B2D46AF0063DD84 /* 3Stars.png */,
				6F9078171B2D46AF0063DD84 /* 3Stars@2x.png */,
				6F9078181B2D46AF0063DD84 /* 3StarsSmall.png */,
				6F9078191B2D46AF0063DD84 /* 3StarsSmall@2x.png */,
				6F90781A1B2D46AF0063DD84 /* 4Stars.png */,
				6F90781B1B2D46AF0063DD84 /* 4Stars@2x.png */,
				6F90781C1B2D46AF0063DD84 /* 4StarsSmall.png */,
				6F90781D1B2D46AF0063DD84 /* 4StarsSmall@2x.png */,
				6F90781E1B2D46AF0063DD84 /* 5Stars.png */,
				6F90781F1B2D46AF0063DD84 /* 5Stars@2x.png */,
				6F9078201B2D46AF0063DD84 /* 5StarsSmall.png */,
				6F9078211B2D46AF0063DD84 /* 5StarsSmall@2x.png */,
				6F9078221B2D46AF0063DD84 /* Gestures.png */,
				6F9078231B2D46AF0063DD84 /* Gestures@2x.png */,
				6F9078241B2D46AF0063DD84 /* Players.png */,
				6F9078251B2D46AF0063DD84 /* Players@2x.png */,
			);
			path = Images;
			sourceTree = "<group>";
		};
/* End PBXGroup section */

/* Begin PBXNativeTarget section */
		6F9077E71B2D43130063DD84 /* Ratings */ = {
			isa = PBXNativeTarget;
			buildConfigurationList = 6F9078071B2D43130063DD84 /* Build configuration list for PBXNativeTarget "Ratings" */;
			buildPhases = (
				6F9077E41B2D43130063DD84 /* Sources */,
				6F9077E51B2D43130063DD84 /* Frameworks */,
				6F9077E61B2D43130063DD84 /* Resources */,
			);
			buildRules = (
			);
			dependencies = (
			);
			name = Ratings;
			productName = Ratings;
			productReference = 6F9077E81B2D43130063DD84 /* Ratings.app */;
			productType = "com.apple.product-type.application";
		};
		6F9077FC1B2D43130063DD84 /* RatingsTests */ = {
			isa = PBXNativeTarget;
			buildConfigurationList = 6F90780A1B2D43130063DD84 /* Build configuration list for PBXNativeTarget "RatingsTests" */;
			buildPhases = (
				6F9077F91B2D43130063DD84 /* Sources */,
				6F9077FA1B2D43130063DD84 /* Frameworks */,
				6F9077FB1B2D43130063DD84 /* Resources */,
			);
			buildRules = (
			);
			dependencies = (
				6F9077FF1B2D43130063DD84 /* PBXTargetDependency */,
			);
			name = RatingsTests;
			productName = RatingsTests;
			productReference = 6F9077FD1B2D43130063DD84 /* RatingsTests.xctest */;
			productType = "com.apple.product-type.bundle.unit-test";
		};
/* End PBXNativeTarget section */

/* Begin PBXProject section */
		6F9077E01B2D43130063DD84 /* Project object */ = {
			isa = PBXProject;
			attributes = {
				LastUpgradeCheck = 0630;
				ORGANIZATIONNAME = R_style_Man;
				TargetAttributes = {
					6F9077E71B2D43130063DD84 = {
						CreatedOnToolsVersion = 6.3.2;
					};
					6F9077FC1B2D43130063DD84 = {
						CreatedOnToolsVersion = 6.3.2;
						TestTargetID = 6F9077E71B2D43130063DD84;
					};
				};
			};
			buildConfigurationList = 6F9077E31B2D43130063DD84 /* Build configuration list for PBXProject "Ratings" */;
			compatibilityVersion = "Xcode 3.2";
			developmentRegion = English;
			hasScannedForEncodings = 0;
			knownRegions = (
				en,
				Base,
			);
			mainGroup = 6F9077DF1B2D43130063DD84;
			productRefGroup = 6F9077E91B2D43130063DD84 /* Products */;
			projectDirPath = "";
			projectRoot = "";
			targets = (
				6F9077E71B2D43130063DD84 /* Ratings */,
				6F9077FC1B2D43130063DD84 /* RatingsTests */,
			);
		};
/* End PBXProject section */

/* Begin PBXResourcesBuildPhase section */
		6F9077E61B2D43130063DD84 /* Resources */ = {
			isa = PBXResourcesBuildPhase;
			buildActionMask = 2147483647;
			files = (
				6F90782C1B2D46AF0063DD84 /* 2StarsSmall.png in Resources */,
				6F9078381B2D46AF0063DD84 /* 5StarsSmall.png in Resources */,
				6F90782B1B2D46AF0063DD84 /* 2Stars@2x.png in Resources */,
				6F9078341B2D46AF0063DD84 /* 4StarsSmall.png in Resources */,
				6F9078291B2D46AF0063DD84 /* 1StarSmall@2x.png in Resources */,
				6F9077F31B2D43130063DD84 /* Main.storyboard in Resources */,
				6F9078351B2D46AF0063DD84 /* 4StarsSmall@2x.png in Resources */,
				6F9077F81B2D43130063DD84 /* LaunchScreen.xib in Resources */,
				6F90783B1B2D46AF0063DD84 /* Gestures@2x.png in Resources */,
				6F90782E1B2D46AF0063DD84 /* 3Stars.png in Resources */,
				6F90783A1B2D46AF0063DD84 /* Gestures.png in Resources */,
				6F9077F51B2D43130063DD84 /* Images.xcassets in Resources */,
				6F90783C1B2D46AF0063DD84 /* Players.png in Resources */,
				6F9078301B2D46AF0063DD84 /* 3StarsSmall.png in Resources */,
				6F90782A1B2D46AF0063DD84 /* 2Stars.png in Resources */,
				6F9078311B2D46AF0063DD84 /* 3StarsSmall@2x.png in Resources */,
				6F9078281B2D46AF0063DD84 /* 1StarSmall.png in Resources */,
				6F90782F1B2D46AF0063DD84 /* 3Stars@2x.png in Resources */,
				6F90783D1B2D46AF0063DD84 /* Players@2x.png in Resources */,
				6F9078261B2D46AF0063DD84 /* 1Star.png in Resources */,
				6F90782D1B2D46AF0063DD84 /* 2StarsSmall@2x.png in Resources */,
				6F9078321B2D46AF0063DD84 /* 4Stars.png in Resources */,
				6F9078271B2D46AF0063DD84 /* 1Star@2x.png in Resources */,
				6F9078391B2D46AF0063DD84 /* 5StarsSmall@2x.png in Resources */,
				6F9078331B2D46AF0063DD84 /* 4Stars@2x.png in Resources */,
				6F9078371B2D46AF0063DD84 /* 5Stars@2x.png in Resources */,
				6F9078361B2D46AF0063DD84 /* 5Stars.png in Resources */,
			);
			runOnlyForDeploymentPostprocessing = 0;
		};
		6F9077FB1B2D43130063DD84 /* Resources */ = {
			isa = PBXResourcesBuildPhase;
			buildActionMask = 2147483647;
			files = (
			);
			runOnlyForDeploymentPostprocessing = 0;
		};
/* End PBXResourcesBuildPhase section */

/* Begin PBXSourcesBuildPhase section */
		6F9077E41B2D43130063DD84 /* Sources */ = {
			isa = PBXSourcesBuildPhase;
			buildActionMask = 2147483647;
			files = (
				6F0C34101B2D782800113A86 /* GamePickerViewController.swift in Sources */,
				6F9078491B2D58240063DD84 /* PlayerCell.swift in Sources */,
				6F90784D1B2D60DF0063DD84 /* PlayersDetailViewController.swift in Sources */,
				6F90784B1B2D586F0063DD84 /* SampleData.swift in Sources */,
				6F9078431B2D49390063DD84 /* Player.swift in Sources */,
				6F9077F01B2D43130063DD84 /* ViewController.swift in Sources */,
				6F0C34121B2D85A600113A86 /* README.md in Sources */,
				6F9077EE1B2D43130063DD84 /* AppDelegate.swift in Sources */,
				6F9078411B2D48AB0063DD84 /* PlayersViewController.swift in Sources */,
			);
			runOnlyForDeploymentPostprocessing = 0;
		};
		6F9077F91B2D43130063DD84 /* Sources */ = {
			isa = PBXSourcesBuildPhase;
			buildActionMask = 2147483647;
			files = (
				6F9078041B2D43130063DD84 /* RatingsTests.swift in Sources */,
			);
			runOnlyForDeploymentPostprocessing = 0;
		};
/* End PBXSourcesBuildPhase section */

/* Begin PBXTargetDependency section */
		6F9077FF1B2D43130063DD84 /* PBXTargetDependency */ = {
			isa = PBXTargetDependency;
			target = 6F9077E71B2D43130063DD84 /* Ratings */;
			targetProxy = 6F9077FE1B2D43130063DD84 /* PBXContainerItemProxy */;
		};
/* End PBXTargetDependency section */

/* Begin PBXVariantGroup section */
		6F9077F11B2D43130063DD84 /* Main.storyboard */ = {
			isa = PBXVariantGroup;
			children = (
				6F9077F21B2D43130063DD84 /* Base */,
			);
			name = Main.storyboard;
			sourceTree = "<group>";
		};
		6F9077F61B2D43130063DD84 /* LaunchScreen.xib */ = {
			isa = PBXVariantGroup;
			children = (
				6F9077F71B2D43130063DD84 /* Base */,
			);
			name = LaunchScreen.xib;
			sourceTree = "<group>";
		};
/* End PBXVariantGroup section */

/* Begin XCBuildConfiguration section */
		6F9078051B2D43130063DD84 /* Debug */ = {
			isa = XCBuildConfiguration;
			buildSettings = {
				ALWAYS_SEARCH_USER_PATHS = NO;
				CLANG_CXX_LANGUAGE_STANDARD = "gnu++0x";
				CLANG_CXX_LIBRARY = "libc++";
				CLANG_ENABLE_MODULES = YES;
				CLANG_ENABLE_OBJC_ARC = YES;
				CLANG_WARN_BOOL_CONVERSION = YES;
				CLANG_WARN_CONSTANT_CONVERSION = YES;
				CLANG_WARN_DIRECT_OBJC_ISA_USAGE = YES_ERROR;
				CLANG_WARN_EMPTY_BODY = YES;
				CLANG_WARN_ENUM_CONVERSION = YES;
				CLANG_WARN_INT_CONVERSION = YES;
				CLANG_WARN_OBJC_ROOT_CLASS = YES_ERROR;
				CLANG_WARN_UNREACHABLE_CODE = YES;
				CLANG_WARN__DUPLICATE_METHOD_MATCH = YES;
				CODE_SIGN_IDENTITY = "iPhone Developer: Feng Wu (UXLF895AGX)";
				"CODE_SIGN_IDENTITY[sdk=iphoneos*]" = "iPhone Developer: Feng Wu (UXLF895AGX)";
				COPY_PHASE_STRIP = NO;
				DEBUG_INFORMATION_FORMAT = "dwarf-with-dsym";
				ENABLE_STRICT_OBJC_MSGSEND = YES;
				GCC_C_LANGUAGE_STANDARD = gnu99;
				GCC_DYNAMIC_NO_PIC = NO;
				GCC_NO_COMMON_BLOCKS = YES;
				GCC_OPTIMIZATION_LEVEL = 0;
				GCC_PREPROCESSOR_DEFINITIONS = (
					"DEBUG=1",
					"$(inherited)",
				);
				GCC_SYMBOLS_PRIVATE_EXTERN = NO;
				GCC_WARN_64_TO_32_BIT_CONVERSION = YES;
				GCC_WARN_ABOUT_RETURN_TYPE = YES_ERROR;
				GCC_WARN_UNDECLARED_SELECTOR = YES;
				GCC_WARN_UNINITIALIZED_AUTOS = YES_AGGRESSIVE;
				GCC_WARN_UNUSED_FUNCTION = YES;
				GCC_WARN_UNUSED_VARIABLE = YES;
				IPHONEOS_DEPLOYMENT_TARGET = 8.3;
				MTL_ENABLE_DEBUG_INFO = YES;
				ONLY_ACTIVE_ARCH = YES;
				SDKROOT = iphoneos;
				SWIFT_OPTIMIZATION_LEVEL = "-Onone";
			};
			name = Debug;
		};
		6F9078061B2D43130063DD84 /* Release */ = {
			isa = XCBuildConfiguration;
			buildSettings = {
				ALWAYS_SEARCH_USER_PATHS = NO;
				CLANG_CXX_LANGUAGE_STANDARD = "gnu++0x";
				CLANG_CXX_LIBRARY = "libc++";
				CLANG_ENABLE_MODULES = YES;
				CLANG_ENABLE_OBJC_ARC = YES;
				CLANG_WARN_BOOL_CONVERSION = YES;
				CLANG_WARN_CONSTANT_CONVERSION = YES;
				CLANG_WARN_DIRECT_OBJC_ISA_USAGE = YES_ERROR;
				CLANG_WARN_EMPTY_BODY = YES;
				CLANG_WARN_ENUM_CONVERSION = YES;
				CLANG_WARN_INT_CONVERSION = YES;
				CLANG_WARN_OBJC_ROOT_CLASS = YES_ERROR;
				CLANG_WARN_UNREACHABLE_CODE = YES;
				CLANG_WARN__DUPLICATE_METHOD_MATCH = YES;
				CODE_SIGN_IDENTITY = "iPhone Developer: Feng Wu (UXLF895AGX)";
				"CODE_SIGN_IDENTITY[sdk=iphoneos*]" = "iPhone Developer: Feng Wu (UXLF895AGX)";
				COPY_PHASE_STRIP = NO;
				DEBUG_INFORMATION_FORMAT = "dwarf-with-dsym";
				ENABLE_NS_ASSERTIONS = NO;
				ENABLE_STRICT_OBJC_MSGSEND = YES;
				GCC_C_LANGUAGE_STANDARD = gnu99;
				GCC_NO_COMMON_BLOCKS = YES;
				GCC_WARN_64_TO_32_BIT_CONVERSION = YES;
				GCC_WARN_ABOUT_RETURN_TYPE = YES_ERROR;
				GCC_WARN_UNDECLARED_SELECTOR = YES;
				GCC_WARN_UNINITIALIZED_AUTOS = YES_AGGRESSIVE;
				GCC_WARN_UNUSED_FUNCTION = YES;
				GCC_WARN_UNUSED_VARIABLE = YES;
				IPHONEOS_DEPLOYMENT_TARGET = 8.3;
				MTL_ENABLE_DEBUG_INFO = NO;
				SDKROOT = iphoneos;
				VALIDATE_PRODUCT = YES;
			};
			name = Release;
		};
		6F9078081B2D43130063DD84 /* Debug */ = {
			isa = XCBuildConfiguration;
			buildSettings = {
				ASSETCATALOG_COMPILER_APPICON_NAME = AppIcon;
				INFOPLIST_FILE = Ratings/Info.plist;
				LD_RUNPATH_SEARCH_PATHS = "$(inherited) @executable_path/Frameworks";
				PRODUCT_NAME = "$(TARGET_NAME)";
			};
			name = Debug;
		};
		6F9078091B2D43130063DD84 /* Release */ = {
			isa = XCBuildConfiguration;
			buildSettings = {
				ASSETCATALOG_COMPILER_APPICON_NAME = AppIcon;
				INFOPLIST_FILE = Ratings/Info.plist;
				LD_RUNPATH_SEARCH_PATHS = "$(inherited) @executable_path/Frameworks";
				PRODUCT_NAME = "$(TARGET_NAME)";
			};
			name = Release;
		};
		6F90780B1B2D43130063DD84 /* Debug */ = {
			isa = XCBuildConfiguration;
			buildSettings = {
				BUNDLE_LOADER = "$(TEST_HOST)";
				FRAMEWORK_SEARCH_PATHS = (
					"$(SDKROOT)/Developer/Library/Frameworks",
					"$(inherited)",
				);
				GCC_PREPROCESSOR_DEFINITIONS = (
					"DEBUG=1",
					"$(inherited)",
				);
				INFOPLIST_FILE = RatingsTests/Info.plist;
				LD_RUNPATH_SEARCH_PATHS = "$(inherited) @executable_path/Frameworks @loader_path/Frameworks";
				PRODUCT_NAME = "$(TARGET_NAME)";
				TEST_HOST = "$(BUILT_PRODUCTS_DIR)/Ratings.app/Ratings";
			};
			name = Debug;
		};
		6F90780C1B2D43130063DD84 /* Release */ = {
			isa = XCBuildConfiguration;
			buildSettings = {
				BUNDLE_LOADER = "$(TEST_HOST)";
				FRAMEWORK_SEARCH_PATHS = (
					"$(SDKROOT)/Developer/Library/Frameworks",
					"$(inherited)",
				);
				INFOPLIST_FILE = RatingsTests/Info.plist;
				LD_RUNPATH_SEARCH_PATHS = "$(inherited) @executable_path/Frameworks @loader_path/Frameworks";
				PRODUCT_NAME = "$(TARGET_NAME)";
				TEST_HOST = "$(BUILT_PRODUCTS_DIR)/Ratings.app/Ratings";
			};
			name = Release;
		};
/* End XCBuildConfiguration section */

/* Begin XCConfigurationList section */
		6F9077E31B2D43130063DD84 /* Build configuration list for PBXProject "Ratings" */ = {
			isa = XCConfigurationList;
			buildConfigurations = (
				6F9078051B2D43130063DD84 /* Debug */,
				6F9078061B2D43130063DD84 /* Release */,
			);
			defaultConfigurationIsVisible = 0;
			defaultConfigurationName = Release;
		};
		6F9078071B2D43130063DD84 /* Build configuration list for PBXNativeTarget "Ratings" */ = {
			isa = XCConfigurationList;
			buildConfigurations = (
				6F9078081B2D43130063DD84 /* Debug */,
				6F9078091B2D43130063DD84 /* Release */,
			);
			defaultConfigurationIsVisible = 0;
			defaultConfigurationName = Release;
		};
		6F90780A1B2D43130063DD84 /* Build configuration list for PBXNativeTarget "RatingsTests" */ = {
			isa = XCConfigurationList;
			buildConfigurations = (
				6F90780B1B2D43130063DD84 /* Debug */,
				6F90780C1B2D43130063DD84 /* Release */,
			);
			defaultConfigurationIsVisible = 0;
			defaultConfigurationName = Release;
		};
/* End XCConfigurationList section */
	};
	rootObject = 6F9077E01B2D43130063DD84 /* Project object */;
}
